
Microsoft Visual Studio Solution File, Format Version 12.00
# Visual Studio 15
VisualStudioVersion = 15.0.26430.6
MinimumVisualStudioVersion = 10.0.40219.1
Project("{2150E333-8FDC-42A3-9474-1A3956D46DE8}") = "AuthenticationService", "AuthenticationService", "{2D8A57AD-5733-4C69-A4E3-1C4D818AC43F}"
EndProject
Project("{FAE04EC0-301F-11D3-BF4B-00C04F79EFBC}") = "AuthenticationServer", "AuthenticationServer\AuthenticationServer.csproj", "{FAD6DC32-DD18-40FF-AF82-C56058E437EC}"
EndProject
Project("{FAE04EC0-301F-11D3-BF4B-00C04F79EFBC}") = "AuthenticationBL", "AuthenticationBL\AuthenticationBL.csproj", "{34D3034B-54CC-4359-966F-4471A8BA8CCE}"
EndProject
Project("{FAE04EC0-301F-11D3-BF4B-00C04F79EFBC}") = "AuthenticationCommon", "AuthenticationCommon\AuthenticationCommon.csproj", "{3F3AC000-9294-4475-BE56-904F4AB5ECFC}"
EndProject
Project("{FAE04EC0-301F-11D3-BF4B-00C04F79EFBC}") = "AuthenticationRepository", "AuthenticationRepository\AuthenticationRepository.csproj", "{DD31D8CD-4AE2-4037-BFE8-002E07BAD710}"
EndProject
Project("{2150E333-8FDC-42A3-9474-1A3956D46DE8}") = "IdentityService", "IdentityService", "{B5ABF361-EF27-40C2-AA98-A604FEA0A06F}"
EndProject
Project("{FAE04EC0-301F-11D3-BF4B-00C04F79EFBC}") = "IdentityServer", "IdentityServer\IdentityServer.csproj", "{00446827-0DB5-48BA-88BF-A1602D76BC57}"
EndProject
Project("{FAE04EC0-301F-11D3-BF4B-00C04F79EFBC}") = "IdentityBL", "IdentityBL\IdentityBL.csproj", "{DC17274A-53BA-4AA3-AD30-E2A7FDE832CC}"
EndProject
Project("{FAE04EC0-301F-11D3-BF4B-00C04F79EFBC}") = "IdentityCommon", "IdentityCommon\IdentityCommon.csproj", "{872E6B69-F7BB-4649-9151-A02BADC74B2D}"
EndProject
Project("{FAE04EC0-301F-11D3-BF4B-00C04F79EFBC}") = "IdentityRepository", "IdentityRepository\IdentityRepository.csproj", "{C169C709-6BD0-403B-8062-23B2A33823F5}"
EndProject
Project("{2150E333-8FDC-42A3-9474-1A3956D46DE8}") = "SocialService", "SocialService", "{58A41BE2-CBED-4FFB-8277-BD94F4449432}"
EndProject
Project("{FAE04EC0-301F-11D3-BF4B-00C04F79EFBC}") = "SocialServer", "SocialServer\SocialServer.csproj", "{692ECDFF-57D3-4C2F-8471-1E2E6D978AF4}"
EndProject
Project("{FAE04EC0-301F-11D3-BF4B-00C04F79EFBC}") = "SocialBL", "SocialBL\SocialBL.csproj", "{1700BFD1-D704-4846-A4A0-97AE9B1CBB13}"
EndProject
Project("{FAE04EC0-301F-11D3-BF4B-00C04F79EFBC}") = "SocialCommon", "SocialCommon\SocialCommon.csproj", "{49E9F62A-B643-4FDB-B028-AD89D08227CC}"
EndProject
Project("{FAE04EC0-301F-11D3-BF4B-00C04F79EFBC}") = "SocialRepository", "SocialRepository\SocialRepository.csproj", "{C990DADC-7AD7-4082-83E3-0A1CB162CBE0}"
EndProject
Project("{2150E333-8FDC-42A3-9474-1A3956D46DE8}") = "Client_Side", "Client_Side", "{FAFA8BB2-E336-42D9-90F2-D46D66967C00}"
EndProject
Project("{FAE04EC0-301F-11D3-BF4B-00C04F79EFBC}") = "UI", "UI\UI.csproj", "{DCC29DEC-C45A-4251-A122-93EC9032CD4A}"
EndProject
Global
	GlobalSection(SolutionConfigurationPlatforms) = preSolution
		Debug|Any CPU = Debug|Any CPU
		Release|Any CPU = Release|Any CPU
	EndGlobalSection
	GlobalSection(ProjectConfigurationPlatforms) = postSolution
		{FAD6DC32-DD18-40FF-AF82-C56058E437EC}.Debug|Any CPU.ActiveCfg = Debug|Any CPU
		{FAD6DC32-DD18-40FF-AF82-C56058E437EC}.Debug|Any CPU.Build.0 = Debug|Any CPU
		{FAD6DC32-DD18-40FF-AF82-C56058E437EC}.Release|Any CPU.ActiveCfg = Release|Any CPU
		{FAD6DC32-DD18-40FF-AF82-C56058E437EC}.Release|Any CPU.Build.0 = Release|Any CPU
		{34D3034B-54CC-4359-966F-4471A8BA8CCE}.Debug|Any CPU.ActiveCfg = Debug|Any CPU
		{34D3034B-54CC-4359-966F-4471A8BA8CCE}.Debug|Any CPU.Build.0 = Debug|Any CPU
		{34D3034B-54CC-4359-966F-4471A8BA8CCE}.Release|Any CPU.ActiveCfg = Release|Any CPU
		{34D3034B-54CC-4359-966F-4471A8BA8CCE}.Release|Any CPU.Build.0 = Release|Any CPU
		{3F3AC000-9294-4475-BE56-904F4AB5ECFC}.Debug|Any CPU.ActiveCfg = Debug|Any CPU
		{3F3AC000-9294-4475-BE56-904F4AB5ECFC}.Debug|Any CPU.Build.0 = Debug|Any CPU
		{3F3AC000-9294-4475-BE56-904F4AB5ECFC}.Release|Any CPU.ActiveCfg = Release|Any CPU
		{3F3AC000-9294-4475-BE56-904F4AB5ECFC}.Release|Any CPU.Build.0 = Release|Any CPU
		{DD31D8CD-4AE2-4037-BFE8-002E07BAD710}.Debug|Any CPU.ActiveCfg = Debug|Any CPU
		{DD31D8CD-4AE2-4037-BFE8-002E07BAD710}.Debug|Any CPU.Build.0 = Debug|Any CPU
		{DD31D8CD-4AE2-4037-BFE8-002E07BAD710}.Release|Any CPU.ActiveCfg = Release|Any CPU
		{DD31D8CD-4AE2-4037-BFE8-002E07BAD710}.Release|Any CPU.Build.0 = Release|Any CPU
		{00446827-0DB5-48BA-88BF-A1602D76BC57}.Debug|Any CPU.ActiveCfg = Debug|Any CPU
		{00446827-0DB5-48BA-88BF-A1602D76BC57}.Debug|Any CPU.Build.0 = Debug|Any CPU
		{00446827-0DB5-48BA-88BF-A1602D76BC57}.Release|Any CPU.ActiveCfg = Release|Any CPU
		{00446827-0DB5-48BA-88BF-A1602D76BC57}.Release|Any CPU.Build.0 = Release|Any CPU
		{DC17274A-53BA-4AA3-AD30-E2A7FDE832CC}.Debug|Any CPU.ActiveCfg = Debug|Any CPU
		{DC17274A-53BA-4AA3-AD30-E2A7FDE832CC}.Debug|Any CPU.Build.0 = Debug|Any CPU
		{DC17274A-53BA-4AA3-AD30-E2A7FDE832CC}.Release|Any CPU.ActiveCfg = Release|Any CPU
		{DC17274A-53BA-4AA3-AD30-E2A7FDE832CC}.Release|Any CPU.Build.0 = Release|Any CPU
		{872E6B69-F7BB-4649-9151-A02BADC74B2D}.Debug|Any CPU.ActiveCfg = Debug|Any CPU
		{872E6B69-F7BB-4649-9151-A02BADC74B2D}.Debug|Any CPU.Build.0 = Debug|Any CPU
		{872E6B69-F7BB-4649-9151-A02BADC74B2D}.Release|Any CPU.ActiveCfg = Release|Any CPU
		{872E6B69-F7BB-4649-9151-A02BADC74B2D}.Release|Any CPU.Build.0 = Release|Any CPU
		{C169C709-6BD0-403B-8062-23B2A33823F5}.Debug|Any CPU.ActiveCfg = Debug|Any CPU
		{C169C709-6BD0-403B-8062-23B2A33823F5}.Debug|Any CPU.Build.0 = Debug|Any CPU
		{C169C709-6BD0-403B-8062-23B2A33823F5}.Release|Any CPU.ActiveCfg = Release|Any CPU
		{C169C709-6BD0-403B-8062-23B2A33823F5}.Release|Any CPU.Build.0 = Release|Any CPU
		{692ECDFF-57D3-4C2F-8471-1E2E6D978AF4}.Debug|Any CPU.ActiveCfg = Debug|Any CPU
		{692ECDFF-57D3-4C2F-8471-1E2E6D978AF4}.Debug|Any CPU.Build.0 = Debug|Any CPU
		{692ECDFF-57D3-4C2F-8471-1E2E6D978AF4}.Release|Any CPU.ActiveCfg = Release|Any CPU
		{692ECDFF-57D3-4C2F-8471-1E2E6D978AF4}.Release|Any CPU.Build.0 = Release|Any CPU
		{1700BFD1-D704-4846-A4A0-97AE9B1CBB13}.Debug|Any CPU.ActiveCfg = Debug|Any CPU
		{1700BFD1-D704-4846-A4A0-97AE9B1CBB13}.Debug|Any CPU.Build.0 = Debug|Any CPU
		{1700BFD1-D704-4846-A4A0-97AE9B1CBB13}.Release|Any CPU.ActiveCfg = Release|Any CPU
		{1700BFD1-D704-4846-A4A0-97AE9B1CBB13}.Release|Any CPU.Build.0 = Release|Any CPU
		{49E9F62A-B643-4FDB-B028-AD89D08227CC}.Debug|Any CPU.ActiveCfg = Debug|Any CPU
		{49E9F62A-B643-4FDB-B028-AD89D08227CC}.Debug|Any CPU.Build.0 = Debug|Any CPU
		{49E9F62A-B643-4FDB-B028-AD89D08227CC}.Release|Any CPU.ActiveCfg = Release|Any CPU
		{49E9F62A-B643-4FDB-B028-AD89D08227CC}.Release|Any CPU.Build.0 = Release|Any CPU
		{C990DADC-7AD7-4082-83E3-0A1CB162CBE0}.Debug|Any CPU.ActiveCfg = Debug|Any CPU
		{C990DADC-7AD7-4082-83E3-0A1CB162CBE0}.Debug|Any CPU.Build.0 = Debug|Any CPU
		{C990DADC-7AD7-4082-83E3-0A1CB162CBE0}.Release|Any CPU.ActiveCfg = Release|Any CPU
		{C990DADC-7AD7-4082-83E3-0A1CB162CBE0}.Release|Any CPU.Build.0 = Release|Any CPU
		{DCC29DEC-C45A-4251-A122-93EC9032CD4A}.Debug|Any CPU.ActiveCfg = Debug|Any CPU
		{DCC29DEC-C45A-4251-A122-93EC9032CD4A}.Debug|Any CPU.Build.0 = Debug|Any CPU
		{DCC29DEC-C45A-4251-A122-93EC9032CD4A}.Release|Any CPU.ActiveCfg = Release|Any CPU
		{DCC29DEC-C45A-4251-A122-93EC9032CD4A}.Release|Any CPU.Build.0 = Release|Any CPU
	EndGlobalSection
	GlobalSection(SolutionProperties) = preSolution
		HideSolutionNode = FALSE
	EndGlobalSection
	GlobalSection(NestedProjects) = preSolution
		{FAD6DC32-DD18-40FF-AF82-C56058E437EC} = {2D8A57AD-5733-4C69-A4E3-1C4D818AC43F}
		{34D3034B-54CC-4359-966F-4471A8BA8CCE} = {2D8A57AD-5733-4C69-A4E3-1C4D818AC43F}
		{3F3AC000-9294-4475-BE56-904F4AB5ECFC} = {2D8A57AD-5733-4C69-A4E3-1C4D818AC43F}
		{DD31D8CD-4AE2-4037-BFE8-002E07BAD710} = {2D8A57AD-5733-4C69-A4E3-1C4D818AC43F}
		{00446827-0DB5-48BA-88BF-A1602D76BC57} = {B5ABF361-EF27-40C2-AA98-A604FEA0A06F}
		{DC17274A-53BA-4AA3-AD30-E2A7FDE832CC} = {B5ABF361-EF27-40C2-AA98-A604FEA0A06F}
		{872E6B69-F7BB-4649-9151-A02BADC74B2D} = {B5ABF361-EF27-40C2-AA98-A604FEA0A06F}
		{C169C709-6BD0-403B-8062-23B2A33823F5} = {B5ABF361-EF27-40C2-AA98-A604FEA0A06F}
		{692ECDFF-57D3-4C2F-8471-1E2E6D978AF4} = {58A41BE2-CBED-4FFB-8277-BD94F4449432}
		{1700BFD1-D704-4846-A4A0-97AE9B1CBB13} = {58A41BE2-CBED-4FFB-8277-BD94F4449432}
		{49E9F62A-B643-4FDB-B028-AD89D08227CC} = {58A41BE2-CBED-4FFB-8277-BD94F4449432}
		{C990DADC-7AD7-4082-83E3-0A1CB162CBE0} = {58A41BE2-CBED-4FFB-8277-BD94F4449432}
		{DCC29DEC-C45A-4251-A122-93EC9032CD4A} = {FAFA8BB2-E336-42D9-90F2-D46D66967C00}
	EndGlobalSection
	GlobalSection(ExtensibilityGlobals) = postSolution
		SolutionGuid = {487D8A8D-5B38-4EA4-B303-166606EB9224}
	EndGlobalSection
EndGlobal
