
Microsoft Visual Studio Solution File, Format Version 12.00
# Visual Studio 15
VisualStudioVersion = 15.0.26430.6
MinimumVisualStudioVersion = 10.0.40219.1
Project("{2150E333-8FDC-42A3-9474-1A3956D46DE8}") = "AuthenticationService", "AuthenticationService", "{2D8A57AD-5733-4C69-A4E3-1C4D818AC43F}"
EndProject
Project("{FAE04EC0-301F-11D3-BF4B-00C04F79EFBC}") = "AuthenticationServer", "AuthenticationServer\AuthenticationServer.csproj", "{FAD6DC32-DD18-40FF-AF82-C56058E437EC}"
EndProject
Project("{FAE04EC0-301F-11D3-BF4B-00C04F79EFBC}") = "AuthenticationBL", "AuthenticationBL\AuthenticationBL.csproj", "{34D3034B-54CC-4359-966F-4471A8BA8CCE}"
EndProject
Project("{FAE04EC0-301F-11D3-BF4B-00C04F79EFBC}") = "AuthenticationCommon", "AuthenticationCommon\AuthenticationCommon.csproj", "{3F3AC000-9294-4475-BE56-904F4AB5ECFC}"
EndProject
Project("{FAE04EC0-301F-11D3-BF4B-00C04F79EFBC}") = "AuthenticationRepository", "AuthenticationRepository\AuthenticationRepository.csproj", "{DD31D8CD-4AE2-4037-BFE8-002E07BAD710}"
EndProject
Project("{FAE04EC0-301F-11D3-BF4B-00C04F79EFBC}") = "UI", "UI\UI.csproj", "{DCC29DEC-C45A-4251-A122-93EC9032CD4A}"
EndProject
Project("{2150E333-8FDC-42A3-9474-1A3956D46DE8}") = "IdentityService", "IdentityService", "{8E8777F7-1BC6-4075-8F50-2F1F5442C6B4}"
EndProject
Project("{FAE04EC0-301F-11D3-BF4B-00C04F79EFBC}") = "IdentityServer", "IdentityServer\IdentityServer.csproj", "{00446827-0DB5-48BA-88BF-A1602D76BC57}"
EndProject
Project("{FAE04EC0-301F-11D3-BF4B-00C04F79EFBC}") = "IdentityBL", "IdentityBL\IdentityBL.csproj", "{DC17274A-53BA-4AA3-AD30-E2A7FDE832CC}"
EndProject
Global
	GlobalSection(SolutionConfigurationPlatforms) = preSolution
		Debug|Any CPU = Debug|Any CPU
		Release|Any CPU = Release|Any CPU
	EndGlobalSection
	GlobalSection(ProjectConfigurationPlatforms) = postSolution
		{FAD6DC32-DD18-40FF-AF82-C56058E437EC}.Debug|Any CPU.ActiveCfg = Debug|Any CPU
		{FAD6DC32-DD18-40FF-AF82-C56058E437EC}.Debug|Any CPU.Build.0 = Debug|Any CPU
		{FAD6DC32-DD18-40FF-AF82-C56058E437EC}.Release|Any CPU.ActiveCfg = Release|Any CPU
		{FAD6DC32-DD18-40FF-AF82-C56058E437EC}.Release|Any CPU.Build.0 = Release|Any CPU
		{34D3034B-54CC-4359-966F-4471A8BA8CCE}.Debug|Any CPU.ActiveCfg = Debug|Any CPU
		{34D3034B-54CC-4359-966F-4471A8BA8CCE}.Debug|Any CPU.Build.0 = Debug|Any CPU
		{34D3034B-54CC-4359-966F-4471A8BA8CCE}.Release|Any CPU.ActiveCfg = Release|Any CPU
		{34D3034B-54CC-4359-966F-4471A8BA8CCE}.Release|Any CPU.Build.0 = Release|Any CPU
		{3F3AC000-9294-4475-BE56-904F4AB5ECFC}.Debug|Any CPU.ActiveCfg = Debug|Any CPU
		{3F3AC000-9294-4475-BE56-904F4AB5ECFC}.Debug|Any CPU.Build.0 = Debug|Any CPU
		{3F3AC000-9294-4475-BE56-904F4AB5ECFC}.Release|Any CPU.ActiveCfg = Release|Any CPU
		{3F3AC000-9294-4475-BE56-904F4AB5ECFC}.Release|Any CPU.Build.0 = Release|Any CPU
		{DD31D8CD-4AE2-4037-BFE8-002E07BAD710}.Debug|Any CPU.ActiveCfg = Debug|Any CPU
		{DD31D8CD-4AE2-4037-BFE8-002E07BAD710}.Debug|Any CPU.Build.0 = Debug|Any CPU
		{DD31D8CD-4AE2-4037-BFE8-002E07BAD710}.Release|Any CPU.ActiveCfg = Release|Any CPU
		{DD31D8CD-4AE2-4037-BFE8-002E07BAD710}.Release|Any CPU.Build.0 = Release|Any CPU
		{DCC29DEC-C45A-4251-A122-93EC9032CD4A}.Debug|Any CPU.ActiveCfg = Debug|Any CPU
		{DCC29DEC-C45A-4251-A122-93EC9032CD4A}.Debug|Any CPU.Build.0 = Debug|Any CPU
		{DCC29DEC-C45A-4251-A122-93EC9032CD4A}.Release|Any CPU.ActiveCfg = Release|Any CPU
		{DCC29DEC-C45A-4251-A122-93EC9032CD4A}.Release|Any CPU.Build.0 = Release|Any CPU
		{00446827-0DB5-48BA-88BF-A1602D76BC57}.Debug|Any CPU.ActiveCfg = Debug|Any CPU
		{00446827-0DB5-48BA-88BF-A1602D76BC57}.Debug|Any CPU.Build.0 = Debug|Any CPU
		{00446827-0DB5-48BA-88BF-A1602D76BC57}.Release|Any CPU.ActiveCfg = Release|Any CPU
		{00446827-0DB5-48BA-88BF-A1602D76BC57}.Release|Any CPU.Build.0 = Release|Any CPU
		{DC17274A-53BA-4AA3-AD30-E2A7FDE832CC}.Debug|Any CPU.ActiveCfg = Debug|Any CPU
		{DC17274A-53BA-4AA3-AD30-E2A7FDE832CC}.Debug|Any CPU.Build.0 = Debug|Any CPU
		{DC17274A-53BA-4AA3-AD30-E2A7FDE832CC}.Release|Any CPU.ActiveCfg = Release|Any CPU
		{DC17274A-53BA-4AA3-AD30-E2A7FDE832CC}.Release|Any CPU.Build.0 = Release|Any CPU
	EndGlobalSection
	GlobalSection(SolutionProperties) = preSolution
		HideSolutionNode = FALSE
	EndGlobalSection
	GlobalSection(NestedProjects) = preSolution
		{FAD6DC32-DD18-40FF-AF82-C56058E437EC} = {2D8A57AD-5733-4C69-A4E3-1C4D818AC43F}
		{34D3034B-54CC-4359-966F-4471A8BA8CCE} = {2D8A57AD-5733-4C69-A4E3-1C4D818AC43F}
		{3F3AC000-9294-4475-BE56-904F4AB5ECFC} = {2D8A57AD-5733-4C69-A4E3-1C4D818AC43F}
		{DD31D8CD-4AE2-4037-BFE8-002E07BAD710} = {2D8A57AD-5733-4C69-A4E3-1C4D818AC43F}
		{00446827-0DB5-48BA-88BF-A1602D76BC57} = {8E8777F7-1BC6-4075-8F50-2F1F5442C6B4}
		{DC17274A-53BA-4AA3-AD30-E2A7FDE832CC} = {8E8777F7-1BC6-4075-8F50-2F1F5442C6B4}
	EndGlobalSection
	GlobalSection(ExtensibilityGlobals) = postSolution
		SolutionGuid = {487D8A8D-5B38-4EA4-B303-166606EB9224}
	EndGlobalSection
EndGlobal
